Microsoft Visual Studio Solution File, Format Version 12.00
# Visual Studio 14
VisualStudioVersion = 14.0.23107.0
MinimumVisualStudioVersion = 10.0.40219.1
Project("{2150E333-8FDC-42A3-9474-1A3956D46DE8}") = ".paket", ".paket", "{63297B98-5CED-492C-A5B7-A5B4F73CF142}"
	ProjectSection(SolutionItems) = preProject
		paket.dependencies = paket.dependencies
		paket.lock = paket.lock
	EndProjectSection
EndProject
Project("{F2A71F9B-5D33-465A-A702-920D77279786}") = "OcsLogExplorer.Server", "src\OcsLogExplorer.Server\OcsLogExplorer.Server.fsproj", "{DEA828D2-3437-48EB-8D56-6F6291181D96}"
EndProject
Project("{2150E333-8FDC-42A3-9474-1A3956D46DE8}") = "project", "project", "{BF60BC93-E09B-4E5F-9D85-95A519479D54}"
	ProjectSection(SolutionItems) = preProject
		build.fsx = build.fsx
		README.md = README.md
		RELEASE_NOTES.md = RELEASE_NOTES.md
	EndProjectSection
EndProject
Project("{2150E333-8FDC-42A3-9474-1A3956D46DE8}") = "tests", "tests", "{ED8079DD-2B06-4030-9F0F-DC548F98E1C4}"
EndProject
Project("{F2A71F9B-5D33-465A-A702-920D77279786}") = "OcsLogExplorer.Server.Tests", "tests\OcsLogExplorer.Server.Tests\OcsLogExplorer.Server.Tests.fsproj", "{74179DAC-16D2-4412-B493-D3C4C8E95CEE}"
EndProject
Project("{E24C65DC-7377-472B-9ABA-BC803B73C61A}") = "OcsLogExplorer.Web(2)", "src\OcsLogExplorer.Web\", "{F42109CE-DB39-4937-92A2-A7445B1F21D2}"
	ProjectSection(WebsiteProperties) = preProject
		TargetFrameworkMoniker = ".NETFramework,Version%3Dv4.0"
		Debug.AspNetCompiler.VirtualPath = "/localhost_59490"
		Debug.AspNetCompiler.PhysicalPath = "src\OcsLogExplorer.Web\"
		Debug.AspNetCompiler.TargetPath = "PrecompiledWeb\localhost_59490\"
		Debug.AspNetCompiler.Updateable = "true"
		Debug.AspNetCompiler.ForceOverwrite = "true"
		Debug.AspNetCompiler.FixedNames = "false"
		Debug.AspNetCompiler.Debug = "True"
		Release.AspNetCompiler.VirtualPath = "/localhost_59490"
		Release.AspNetCompiler.PhysicalPath = "src\OcsLogExplorer.Web\"
		Release.AspNetCompiler.TargetPath = "PrecompiledWeb\localhost_59490\"
		Release.AspNetCompiler.Updateable = "true"
		Release.AspNetCompiler.ForceOverwrite = "true"
		Release.AspNetCompiler.FixedNames = "false"
		Release.AspNetCompiler.Debug = "False"
		VWDPort = "59490"
		SlnRelativePath = "src\OcsLogExplorer.Web\"
	EndProjectSection
EndProject
Global
	GlobalSection(SolutionConfigurationPlatforms) = preSolution
		Debug|Any CPU = Debug|Any CPU
		Release|Any CPU = Release|Any CPU
	EndGlobalSection
	GlobalSection(ProjectConfigurationPlatforms) = postSolution
		{DEA828D2-3437-48EB-8D56-6F6291181D96}.Debug|Any CPU.ActiveCfg = Debug|Any CPU
		{DEA828D2-3437-48EB-8D56-6F6291181D96}.Debug|Any CPU.Build.0 = Debug|Any CPU
		{DEA828D2-3437-48EB-8D56-6F6291181D96}.Release|Any CPU.ActiveCfg = Release|Any CPU
		{DEA828D2-3437-48EB-8D56-6F6291181D96}.Release|Any CPU.Build.0 = Release|Any CPU
		{74179DAC-16D2-4412-B493-D3C4C8E95CEE}.Debug|Any CPU.ActiveCfg = Debug|Any CPU
		{74179DAC-16D2-4412-B493-D3C4C8E95CEE}.Debug|Any CPU.Build.0 = Debug|Any CPU
		{74179DAC-16D2-4412-B493-D3C4C8E95CEE}.Release|Any CPU.ActiveCfg = Release|Any CPU
		{74179DAC-16D2-4412-B493-D3C4C8E95CEE}.Release|Any CPU.Build.0 = Release|Any CPU
		{F42109CE-DB39-4937-92A2-A7445B1F21D2}.Debug|Any CPU.ActiveCfg = Debug|Any CPU
		{F42109CE-DB39-4937-92A2-A7445B1F21D2}.Debug|Any CPU.Build.0 = Debug|Any CPU
		{F42109CE-DB39-4937-92A2-A7445B1F21D2}.Release|Any CPU.ActiveCfg = Debug|Any CPU
		{F42109CE-DB39-4937-92A2-A7445B1F21D2}.Release|Any CPU.Build.0 = Debug|Any CPU
	EndGlobalSection
	GlobalSection(SolutionProperties) = preSolution
		HideSolutionNode = FALSE
	EndGlobalSection
	GlobalSection(NestedProjects) = preSolution
		{74179DAC-16D2-4412-B493-D3C4C8E95CEE} = {ED8079DD-2B06-4030-9F0F-DC548F98E1C4}
	EndGlobalSection
EndGlobal
